
Microsoft Visual Studio Solution File, Format Version 12.00
# Visual Studio Version 17
VisualStudioVersion = 17.8.34330.188
MinimumVisualStudioVersion = 10.0.40219.1
Project("{9A19103F-16F7-4668-BE54-9A1E7A4F7556}") = "GMsAssistant", "GMsAssistant.csproj", "{736AA5F7-FA37-49C0-A71A-0FAB5ECB5939}"
EndProject
Global
	GlobalSection(SolutionConfigurationPlatforms) = preSolution
		Debug|Any CPU = Debug|Any CPU
		Release|Any CPU = Release|Any CPU
	EndGlobalSection
	GlobalSection(ProjectConfigurationPlatforms) = postSolution
		{736AA5F7-FA37-49C0-A71A-0FAB5ECB5939}.Debug|Any CPU.ActiveCfg = Debug|Any CPU
		{736AA5F7-FA37-49C0-A71A-0FAB5ECB5939}.Debug|Any CPU.Build.0 = Debug|Any CPU
		{736AA5F7-FA37-49C0-A71A-0FAB5ECB5939}.Release|Any CPU.ActiveCfg = Release|Any CPU
		{736AA5F7-FA37-49C0-A71A-0FAB5ECB5939}.Release|Any CPU.Build.0 = Release|Any CPU
	EndGlobalSection
	GlobalSection(SolutionProperties) = preSolution
		HideSolutionNode = FALSE
	EndGlobalSection
	GlobalSection(ExtensibilityGlobals) = postSolution
		SolutionGuid = {B9FA3FC7-3F50-458F-B62C-9539C2819E20}
	EndGlobalSection
EndGlobal
